github.com/google/shlex v0.0.0-20191202100458-e7afc7fbc510 h1:El6M4kTTCOh6aBiKaUGG7oYTSPP8MxqL4YI3kZKwcP4=
github.com/google/shlex v0.0.0-20191202100458-e7afc7fbc510/go.mod h1:pupxD2MaaD3pAXIBCelhxNneeOaAeabZDe5s4K6zSpQ=
github.com/soypat/lneto v0.1.1-0.20260527165357-24d5d303bcb8 h1:w0XI6cvLwkR+7FQa3zKiziBpRq+yrtBGCYbdThy8H5A=
github.com/soypat/lneto v0.1.1-0.20260527165357-24d5d303bcb8/go.mod h1:Be5PjwoYukvHFiUXxpYi8+ppH2F/gw/vjGBvFdv+Ti8=
github.com/soypat/natiu-mqtt v0.6.0 h1:ddrem9iAqFYtQOx2C7AhCizhPXXmGZs1T5fkvLroPO4=
github.com/soypat/natiu-mqtt v0.6.0/go.mod h1:xEta+cwop9izVCW7xOx2W+ct9PRMqr0gNVkvBPnQTc4=
tinygo.org/x/drivers v0.35.0 h1:cTK36tsI/S4Mg3hCPH0MBjV/ta7XKQ+wpvch4mVqgsE=
tinygo.org/x/drivers v0.35.0/go.mod h1:DQgKyHkB4G6IEOKVTAjApbKnWGwESN91EVJO+nMOE9Y=
tinygo.org/x/espradio v0.1.1-0.20260605082545-94cb7532ca12 h1:RhYDPcXr8Nm8QXm+i1piKqo12qeq1UKOvmFrQwsxssU=
tinygo.org/x/espradio v0.1.1-0.20260605082545-94cb7532ca12/go.mod h1:ZvJifo2Q6qTqeoKahqt322ZZvsHnMkkGzsBoHfdYyJA=
tinygo.org/x/tinydraw v0.4.0 h1:U9V0mHz8/jPShKjlh199vCfq1ARFyUOD1b+FfqIwV8c=
tinygo.org/x/tinydraw v0.4.0/go.mod h1:WCV/EMljTv8w04iAxjv+fRD6/4ffx0afATYeJlN90Yo=
tinygo.org/x/tinyfont v0.6.0 h1:GibXDSFz6xrWnEDkDRo6vsbOyRw0MVj/eza3zNHMSHs=
tinygo.org/x/tinyfont v0.6.0/go.mod h1:onflMSkpWl7r7j4MIqhPEVV39pn7yL4N3MOePl3G+G8=
